# This file is automatically @generated by Cargo.
# It is not intended for manual editing.
version = 4

[[package]]
name = "eidolon-core"
version = "0.1.0"

[[package]]
name = "eidolon-net"
version = "0.1.0"
dependencies = [
 "eidolon-core",
]

[[package]]
name = "eidolon-server"
version = "0.1.0"
dependencies = [
 "eidolon-core",
 "eidolon-net",
 "eidolon-spatial",
 "eidolon-world",
]

[[package]]
name = "eidolon-spatial"
version = "0.1.0"
dependencies = [
 "eidolon-core",
]

[[package]]
name = "eidolon-world"
version = "0.1.0"
dependencies = [
 "eidolon-core",
 "eidolon-spatial",
]
